
Microsoft Visual Studio Solution File, Format Version 11.00
# Visual Studio 2010
Project("{FAE04EC0-301F-11D3-BF4B-00C04F79EFBC}") = "MultipartParser", "MultipartParser\MultipartParser.csproj", "{71372908-7900-441F-86C9-FA12ED6C056C}"
EndProject
Project("{2150E333-8FDC-42A3-9474-1A3956D46DE8}") = ".nuget", ".nuget", "{9A128F54-4303-48EA-8BAE-411440BE4ED7}"
	ProjectSection(SolutionItems) = preProject
		.nuget\packages.config = .nuget\packages.config
	EndProjectSection
EndProject
Global
	GlobalSection(SolutionConfigurationPlatforms) = preSolution
		Debug|x86 = Debug|x86
		Release|x86 = Release|x86
	EndGlobalSection
	GlobalSection(ProjectConfigurationPlatforms) = postSolution
		{71372908-7900-441F-86C9-FA12ED6C056C}.Debug|x86.ActiveCfg = Debug|x86
		{71372908-7900-441F-86C9-FA12ED6C056C}.Debug|x86.Build.0 = Debug|x86
		{71372908-7900-441F-86C9-FA12ED6C056C}.Release|x86.ActiveCfg = Release|x86
		{71372908-7900-441F-86C9-FA12ED6C056C}.Release|x86.Build.0 = Release|x86
	EndGlobalSection
	GlobalSection(SolutionProperties) = preSolution
		HideSolutionNode = FALSE
	EndGlobalSection
EndGlobal
